<Solution>
  <Folder Name="/Application/">
    <Project Path="BancoChu.Application/BancoChu.Application.csproj" />
  </Folder>
  <Folder Name="/Domain/">
    <Project Path="BancoChu.Domain/BancoChu.Domain.csproj" />
  </Folder>
  <Folder Name="/Infra/">
    <Project Path="BancoChu.Infra.IoC/BancoChu.Infra.IoC.csproj" />
    <Project Path="BancoChu.Infrastructure/BancoChu.Infrastructure.csproj" />
  </Folder>
  <Project Path="BancoChuApi/BancoChuApi.csproj" />
</Solution>
